
Microsoft Visual Studio Solution File, Format Version 12.00
# Visual Studio Version 16
VisualStudioVersion = 16.0.31911.196
MinimumVisualStudioVersion = 10.0.40219.1
Project("{FAE04EC0-301F-11D3-BF4B-00C04F79EFBC}") = "Интерпретатор языка BASIC", "Интерпретатор языка BASIC\Интерпретатор языка BASIC.csproj", "{9ED339FF-F582-4D7E-A736-57714A8286EF}"
EndProject
Project("{FAE04EC0-301F-11D3-BF4B-00C04F79EFBC}") = "BASIC Interpreter Library", "BASIC Interpreter Library\BASIC Interpreter Library.csproj", "{6B6E7A64-878D-44B4-9E5F-A2749CF3A047}"
EndProject
Global
	GlobalSection(SolutionConfigurationPlatforms) = preSolution
		Debug|Any CPU = Debug|Any CPU
		Release|Any CPU = Release|Any CPU
	EndGlobalSection
	GlobalSection(ProjectConfigurationPlatforms) = postSolution
		{9ED339FF-F582-4D7E-A736-57714A8286EF}.Debug|Any CPU.ActiveCfg = Debug|Any CPU
		{9ED339FF-F582-4D7E-A736-57714A8286EF}.Debug|Any CPU.Build.0 = Debug|Any CPU
		{9ED339FF-F582-4D7E-A736-57714A8286EF}.Release|Any CPU.ActiveCfg = Release|Any CPU
		{9ED339FF-F582-4D7E-A736-57714A8286EF}.Release|Any CPU.Build.0 = Release|Any CPU
		{6B6E7A64-878D-44B4-9E5F-A2749CF3A047}.Debug|Any CPU.ActiveCfg = Debug|Any CPU
		{6B6E7A64-878D-44B4-9E5F-A2749CF3A047}.Debug|Any CPU.Build.0 = Debug|Any CPU
		{6B6E7A64-878D-44B4-9E5F-A2749CF3A047}.Release|Any CPU.ActiveCfg = Release|Any CPU
		{6B6E7A64-878D-44B4-9E5F-A2749CF3A047}.Release|Any CPU.Build.0 = Release|Any CPU
	EndGlobalSection
	GlobalSection(SolutionProperties) = preSolution
		HideSolutionNode = FALSE
	EndGlobalSection
	GlobalSection(ExtensibilityGlobals) = postSolution
		SolutionGuid = {B4E837DB-52A4-49EE-A813-A8B9102BEA46}
	EndGlobalSection
EndGlobal
